
Microsoft Visual Studio Solution File, Format Version 12.00
# Visual Studio Version 17
VisualStudioVersion = 17.9.34728.123
MinimumVisualStudioVersion = 10.0.40219.1
Project("{9A19103F-16F7-4668-BE54-9A1E7A4F7556}") = "Lucy_SalesData.BLL", "Lucy_SalesData.DAL\Lucy_SalesData.BLL.csproj", "{0B52F9FD-B38D-461F-9EB4-FBE28C4C37A2}"
EndProject
Project("{9A19103F-16F7-4668-BE54-9A1E7A4F7556}") = "Lucy_SalesData.DAL", "Lucy_SalesData.BLL\Lucy_SalesData.DAL.csproj", "{68FE07FA-623E-44B3-807B-008422ACE9F6}"
EndProject
Project("{9A19103F-16F7-4668-BE54-9A1E7A4F7556}") = "Lucy_SalesData.UI", "Lucy_SalesData.UI\Lucy_SalesData.UI.csproj", "{0CF87774-F4A0-4A30-9FAD-0A816B8ABDB3}"
EndProject
Global
	GlobalSection(SolutionConfigurationPlatforms) = preSolution
		Debug|Any CPU = Debug|Any CPU
		Release|Any CPU = Release|Any CPU
	EndGlobalSection
	GlobalSection(ProjectConfigurationPlatforms) = postSolution
		{0B52F9FD-B38D-461F-9EB4-FBE28C4C37A2}.Debug|Any CPU.ActiveCfg = Debug|Any CPU
		{0B52F9FD-B38D-461F-9EB4-FBE28C4C37A2}.Debug|Any CPU.Build.0 = Debug|Any CPU
		{0B52F9FD-B38D-461F-9EB4-FBE28C4C37A2}.Release|Any CPU.ActiveCfg = Release|Any CPU
		{0B52F9FD-B38D-461F-9EB4-FBE28C4C37A2}.Release|Any CPU.Build.0 = Release|Any CPU
		{68FE07FA-623E-44B3-807B-008422ACE9F6}.Debug|Any CPU.ActiveCfg = Debug|Any CPU
		{68FE07FA-623E-44B3-807B-008422ACE9F6}.Debug|Any CPU.Build.0 = Debug|Any CPU
		{68FE07FA-623E-44B3-807B-008422ACE9F6}.Release|Any CPU.ActiveCfg = Release|Any CPU
		{68FE07FA-623E-44B3-807B-008422ACE9F6}.Release|Any CPU.Build.0 = Release|Any CPU
		{0CF87774-F4A0-4A30-9FAD-0A816B8ABDB3}.Debug|Any CPU.ActiveCfg = Debug|Any CPU
		{0CF87774-F4A0-4A30-9FAD-0A816B8ABDB3}.Debug|Any CPU.Build.0 = Debug|Any CPU
		{0CF87774-F4A0-4A30-9FAD-0A816B8ABDB3}.Release|Any CPU.ActiveCfg = Release|Any CPU
		{0CF87774-F4A0-4A30-9FAD-0A816B8ABDB3}.Release|Any CPU.Build.0 = Release|Any CPU
	EndGlobalSection
	GlobalSection(SolutionProperties) = preSolution
		HideSolutionNode = FALSE
	EndGlobalSection
	GlobalSection(ExtensibilityGlobals) = postSolution
		SolutionGuid = {2A5EA49A-E63A-4F4F-9AFE-ADFF7A7A3A9D}
	EndGlobalSection
EndGlobal
